
Microsoft Visual Studio Solution File, Format Version 12.00
# Visual Studio Version 17
VisualStudioVersion = 17.1.32421.90
MinimumVisualStudioVersion = 10.0.40219.1
Project("{9A19103F-16F7-4668-BE54-9A1E7A4F7556}") = "19001395_PJ_FAW", "19001395_PJ_FAW\19001395_PJ_FAW.csproj", "{16A29969-EEF6-4870-822D-B956A6D32DB2}"
EndProject
Project("{9A19103F-16F7-4668-BE54-9A1E7A4F7556}") = "DataAccess", "DataAccess\DataAccess.csproj", "{939AAE07-DC5A-436F-9149-12FA9F07980C}"
EndProject
Project("{FAE04EC0-301F-11D3-BF4B-00C04F79EFBC}") = "Business", "Business\Business.csproj", "{BAFCA5B0-6790-4D10-AFC0-20ACBB5C1094}"
EndProject
Project("{FAE04EC0-301F-11D3-BF4B-00C04F79EFBC}") = "Infrastructure", "Infrastructure\Infrastructure.csproj", "{640C15E2-3236-4A0D-A087-CEF919E2A020}"
EndProject
Global
	GlobalSection(SolutionConfigurationPlatforms) = preSolution
		Debug|Any CPU = Debug|Any CPU
		Release|Any CPU = Release|Any CPU
	EndGlobalSection
	GlobalSection(ProjectConfigurationPlatforms) = postSolution
		{16A29969-EEF6-4870-822D-B956A6D32DB2}.Debug|Any CPU.ActiveCfg = Debug|Any CPU
		{16A29969-EEF6-4870-822D-B956A6D32DB2}.Debug|Any CPU.Build.0 = Debug|Any CPU
		{16A29969-EEF6-4870-822D-B956A6D32DB2}.Release|Any CPU.ActiveCfg = Release|Any CPU
		{16A29969-EEF6-4870-822D-B956A6D32DB2}.Release|Any CPU.Build.0 = Release|Any CPU
		{939AAE07-DC5A-436F-9149-12FA9F07980C}.Debug|Any CPU.ActiveCfg = Debug|Any CPU
		{939AAE07-DC5A-436F-9149-12FA9F07980C}.Debug|Any CPU.Build.0 = Debug|Any CPU
		{939AAE07-DC5A-436F-9149-12FA9F07980C}.Release|Any CPU.ActiveCfg = Release|Any CPU
		{939AAE07-DC5A-436F-9149-12FA9F07980C}.Release|Any CPU.Build.0 = Release|Any CPU
		{BAFCA5B0-6790-4D10-AFC0-20ACBB5C1094}.Debug|Any CPU.ActiveCfg = Debug|Any CPU
		{BAFCA5B0-6790-4D10-AFC0-20ACBB5C1094}.Debug|Any CPU.Build.0 = Debug|Any CPU
		{BAFCA5B0-6790-4D10-AFC0-20ACBB5C1094}.Release|Any CPU.ActiveCfg = Release|Any CPU
		{BAFCA5B0-6790-4D10-AFC0-20ACBB5C1094}.Release|Any CPU.Build.0 = Release|Any CPU
		{640C15E2-3236-4A0D-A087-CEF919E2A020}.Debug|Any CPU.ActiveCfg = Debug|Any CPU
		{640C15E2-3236-4A0D-A087-CEF919E2A020}.Debug|Any CPU.Build.0 = Debug|Any CPU
		{640C15E2-3236-4A0D-A087-CEF919E2A020}.Release|Any CPU.ActiveCfg = Release|Any CPU
		{640C15E2-3236-4A0D-A087-CEF919E2A020}.Release|Any CPU.Build.0 = Release|Any CPU
	EndGlobalSection
	GlobalSection(SolutionProperties) = preSolution
		HideSolutionNode = FALSE
	EndGlobalSection
	GlobalSection(ExtensibilityGlobals) = postSolution
		SolutionGuid = {1B34775D-AA8F-4F66-AE1C-243D81A9FDEF}
	EndGlobalSection
EndGlobal
